// !$*UTF8*$!
{
	archiveVersion = 1;
	classes = {
	};
	objectVersion = 56;
	objects = {

/* Begin PBXBuildFile section */
		9D782EBD29A414890002CEBB /* Recommended.swift in Sources */ = {isa = PBXBuildFile; fileRef = 9D782EBC29A414890002CEBB /* Recommended.swift */; };
		9D782EBF29A43CC50002CEBB /* debouncedSearch.swift in Sources */ = {isa = PBXBuildFile; fileRef = 9D782EBE29A43CC50002CEBB /* debouncedSearch.swift */; };
		9D7B5A2729A5722700E974EF /* MoodView.swift in Sources */ = {isa = PBXBuildFile; fileRef = 9D7B5A2629A5722700E974EF /* MoodView.swift */; };
		9D8B7D9929A2A57A004DC811 /* MoodMixApp.swift in Sources */ = {isa = PBXBuildFile; fileRef = 9D8B7D9829A2A57A004DC811 /* MoodMixApp.swift */; };
		9D8B7D9B29A2A57A004DC811 /* ContentView.swift in Sources */ = {isa = PBXBuildFile; fileRef = 9D8B7D9A29A2A57A004DC811 /* ContentView.swift */; };
		9D8B7D9D29A2A57B004DC811 /* Assets.xcassets in Resources */ = {isa = PBXBuildFile; fileRef = 9D8B7D9C29A2A57B004DC811 /* Assets.xcassets */; };
		9D8B7DA029A2A57B004DC811 /* Preview Assets.xcassets in Resources */ = {isa = PBXBuildFile; fileRef = 9D8B7D9F29A2A57B004DC811 /* Preview Assets.xcassets */; };
		9D8B7DAB29A2A668004DC811 /* api_key.swift in Sources */ = {isa = PBXBuildFile; fileRef = 9D8B7DAA29A2A668004DC811 /* api_key.swift */; };
		9D8B7DAE29A2A6FD004DC811 /* MusicBrainz.swift in Sources */ = {isa = PBXBuildFile; fileRef = 9D8B7DAD29A2A6FD004DC811 /* MusicBrainz.swift */; };
		9D8B7DB029A2A893004DC811 /* Suggestions.swift in Sources */ = {isa = PBXBuildFile; fileRef = 9D8B7DAF29A2A893004DC811 /* Suggestions.swift */; };
		9D8B7DB229A2AC73004DC811 /* Description.swift in Sources */ = {isa = PBXBuildFile; fileRef = 9D8B7DB129A2AC73004DC811 /* Description.swift */; };
		9D8B7DB429A2AD87004DC811 /* Search.swift in Sources */ = {isa = PBXBuildFile; fileRef = 9D8B7DB329A2AD86004DC811 /* Search.swift */; };
		9D8B7DB629A2B148004DC811 /* musicSuggestions.swift in Sources */ = {isa = PBXBuildFile; fileRef = 9D8B7DB529A2B148004DC811 /* musicSuggestions.swift */; };
		9D8B7DB829A2F624004DC811 /* aiSuggestions.swift in Sources */ = {isa = PBXBuildFile; fileRef = 9D8B7DB729A2F624004DC811 /* aiSuggestions.swift */; };
		9DD2739229ABDE7700E340D9 /* SuggestionCard.swift in Sources */ = {isa = PBXBuildFile; fileRef = 9DD2739129ABDE7700E340D9 /* SuggestionCard.swift */; };
		9DD2739429ABF81500E340D9 /* Header.swift in Sources */ = {isa = PBXBuildFile; fileRef = 9DD2739329ABF81400E340D9 /* Header.swift */; };
		9DD2739629ABF82700E340D9 /* Footer.swift in Sources */ = {isa = PBXBuildFile; fileRef = 9DD2739529ABF82700E340D9 /* Footer.swift */; };
/* End PBXBuildFile section */

/* Begin PBXFileReference section */
		9D782EBC29A414890002CEBB /* Recommended.swift */ = {isa = PBXFileReference; lastKnownFileType = sourcecode.swift; path = Recommended.swift; sourceTree = "<group>"; };
		9D782EBE29A43CC50002CEBB /* debouncedSearch.swift */ = {isa = PBXFileReference; lastKnownFileType = sourcecode.swift; path = debouncedSearch.swift; sourceTree = "<group>"; };
		9D7B5A2629A5722700E974EF /* MoodView.swift */ = {isa = PBXFileReference; lastKnownFileType = sourcecode.swift; path = MoodView.swift; sourceTree = "<group>"; };
		9D7B5A2829A9360A00E974EF /* Info.plist */ = {isa = PBXFileReference; lastKnownFileType = text.plist; path = Info.plist; sourceTree = "<group>"; };
		9D8B7D9529A2A57A004DC811 /* MoodMix.app */ = {isa = PBXFileReference; explicitFileType = wrapper.application; includeInIndex = 0; path = MoodMix.app; sourceTree = BUILT_PRODUCTS_DIR; };
		9D8B7D9829A2A57A004DC811 /* MoodMixApp.swift */ = {isa = PBXFileReference; lastKnownFileType = sourcecode.swift; path = MoodMixApp.swift; sourceTree = "<group>"; };
		9D8B7D9A29A2A57A004DC811 /* ContentView.swift */ = {isa = PBXFileReference; lastKnownFileType = sourcecode.swift; path = ContentView.swift; sourceTree = "<group>"; };
		9D8B7D9C29A2A57B004DC811 /* Assets.xcassets */ = {isa = PBXFileReference; lastKnownFileType = folder.assetcatalog; path = Assets.xcassets; sourceTree = "<group>"; };
		9D8B7D9F29A2A57B004DC811 /* Preview Assets.xcassets */ = {isa = PBXFileReference; lastKnownFileType = folder.assetcatalog; path = "Preview Assets.xcassets"; sourceTree = "<group>"; };
		9D8B7DAA29A2A668004DC811 /* api_key.swift */ = {isa = PBXFileReference; fileEncoding = 4; lastKnownFileType = sourcecode.swift; path = api_key.swift; sourceTree = "<group>"; };
		9D8B7DAD29A2A6FD004DC811 /* MusicBrainz.swift */ = {isa = PBXFileReference; lastKnownFileType = sourcecode.swift; path = MusicBrainz.swift; sourceTree = "<group>"; };
		9D8B7DAF29A2A893004DC811 /* Suggestions.swift */ = {isa = PBXFileReference; lastKnownFileType = sourcecode.swift; path = Suggestions.swift; sourceTree = "<group>"; };
		9D8B7DB129A2AC73004DC811 /* Description.swift */ = {isa = PBXFileReference; lastKnownFileType = sourcecode.swift; path = Description.swift; sourceTree = "<group>"; };
		9D8B7DB329A2AD86004DC811 /* Search.swift */ = {isa = PBXFileReference; lastKnownFileType = sourcecode.swift; path = Search.swift; sourceTree = "<group>"; };
		9D8B7DB529A2B148004DC811 /* musicSuggestions.swift */ = {isa = PBXFileReference; lastKnownFileType = sourcecode.swift; path = musicSuggestions.swift; sourceTree = "<group>"; };
		9D8B7DB729A2F624004DC811 /* aiSuggestions.swift */ = {isa = PBXFileReference; lastKnownFileType = sourcecode.swift; path = aiSuggestions.swift; sourceTree = "<group>"; };
		9DD2739129ABDE7700E340D9 /* SuggestionCard.swift */ = {isa = PBXFileReference; lastKnownFileType = sourcecode.swift; path = SuggestionCard.swift; sourceTree = "<group>"; };
		9DD2739329ABF81400E340D9 /* Header.swift */ = {isa = PBXFileReference; lastKnownFileType = sourcecode.swift; path = Header.swift; sourceTree = "<group>"; };
		9DD2739529ABF82700E340D9 /* Footer.swift */ = {isa = PBXFileReference; lastKnownFileType = sourcecode.swift; path = Footer.swift; sourceTree = "<group>"; };
/* End PBXFileReference section */

/* Begin PBXFrameworksBuildPhase section */
		9D8B7D9229A2A57A004DC811 /* Frameworks */ = {
			isa = PBXFrameworksBuildPhase;
			buildActionMask = 2147483647;
			files = (
			);
			runOnlyForDeploymentPostprocessing = 0;
		};
/* End PBXFrameworksBuildPhase section */

/* Begin PBXGroup section */
		9D8B7D8C29A2A57A004DC811 = {
			isa = PBXGroup;
			children = (
				9D8B7D9729A2A57A004DC811 /* MoodMix */,
				9D8B7D9629A2A57A004DC811 /* Products */,
			);
			sourceTree = "<group>";
		};
		9D8B7D9629A2A57A004DC811 /* Products */ = {
			isa = PBXGroup;
			children = (
				9D8B7D9529A2A57A004DC811 /* MoodMix.app */,
			);
			name = Products;
			sourceTree = "<group>";
		};
		9D8B7D9729A2A57A004DC811 /* MoodMix */ = {
			isa = PBXGroup;
			children = (
				9D7B5A2829A9360A00E974EF /* Info.plist */,
				9D8B7DAC29A2A6CD004DC811 /* models */,
				9D8B7DA729A2A5A1004DC811 /* Views */,
				9D8B7DA629A2A58C004DC811 /* logic */,
				9D8B7D9829A2A57A004DC811 /* MoodMixApp.swift */,
				9D8B7D9C29A2A57B004DC811 /* Assets.xcassets */,
				9D8B7D9E29A2A57B004DC811 /* Preview Content */,
			);
			path = MoodMix;
			sourceTree = "<group>";
		};
		9D8B7D9E29A2A57B004DC811 /* Preview Content */ = {
			isa = PBXGroup;
			children = (
				9D8B7D9F29A2A57B004DC811 /* Preview Assets.xcassets */,
			);
			path = "Preview Content";
			sourceTree = "<group>";
		};
		9D8B7DA629A2A58C004DC811 /* logic */ = {
			isa = PBXGroup;
			children = (
				9D8B7DAA29A2A668004DC811 /* api_key.swift */,
				9D8B7DB529A2B148004DC811 /* musicSuggestions.swift */,
				9D8B7DB729A2F624004DC811 /* aiSuggestions.swift */,
				9D782EBE29A43CC50002CEBB /* debouncedSearch.swift */,
			);
			path = logic;
			sourceTree = "<group>";
		};
		9D8B7DA729A2A5A1004DC811 /* Views */ = {
			isa = PBXGroup;
			children = (
				9D8B7D9A29A2A57A004DC811 /* ContentView.swift */,
				9D8B7DB129A2AC73004DC811 /* Description.swift */,
				9D8B7DB329A2AD86004DC811 /* Search.swift */,
				9D782EBC29A414890002CEBB /* Recommended.swift */,
				9D7B5A2629A5722700E974EF /* MoodView.swift */,
				9DD2739129ABDE7700E340D9 /* SuggestionCard.swift */,
				9DD2739329ABF81400E340D9 /* Header.swift */,
				9DD2739529ABF82700E340D9 /* Footer.swift */,
			);
			path = Views;
			sourceTree = "<group>";
		};
		9D8B7DAC29A2A6CD004DC811 /* models */ = {
			isa = PBXGroup;
			children = (
				9D8B7DAD29A2A6FD004DC811 /* MusicBrainz.swift */,
				9D8B7DAF29A2A893004DC811 /* Suggestions.swift */,
			);
			path = models;
			sourceTree = "<group>";
		};
/* End PBXGroup section */

/* Begin PBXNativeTarget section */
		9D8B7D9429A2A57A004DC811 /* MoodMix */ = {
			isa = PBXNativeTarget;
			buildConfigurationList = 9D8B7DA329A2A57B004DC811 /* Build configuration list for PBXNativeTarget "MoodMix" */;
			buildPhases = (
				9D8B7D9129A2A57A004DC811 /* Sources */,
				9D8B7D9229A2A57A004DC811 /* Frameworks */,
				9D8B7D9329A2A57A004DC811 /* Resources */,
			);
			buildRules = (
			);
			dependencies = (
			);
			name = MoodMix;
			productName = MoodMix;
			productReference = 9D8B7D9529A2A57A004DC811 /* MoodMix.app */;
			productType = "com.apple.product-type.application";
		};
/* End PBXNativeTarget section */

/* Begin PBXProject section */
		9D8B7D8D29A2A57A004DC811 /* Project object */ = {
			isa = PBXProject;
			attributes = {
				BuildIndependentTargetsInParallel = 1;
				LastSwiftUpdateCheck = 1420;
				LastUpgradeCheck = 1420;
				TargetAttributes = {
					9D8B7D9429A2A57A004DC811 = {
						CreatedOnToolsVersion = 14.2;
					};
				};
			};
			buildConfigurationList = 9D8B7D9029A2A57A004DC811 /* Build configuration list for PBXProject "MoodMix" */;
			compatibilityVersion = "Xcode 14.0";
			developmentRegion = en;
			hasScannedForEncodings = 0;
			knownRegions = (
				en,
				Base,
			);
			mainGroup = 9D8B7D8C29A2A57A004DC811;
			productRefGroup = 9D8B7D9629A2A57A004DC811 /* Products */;
			projectDirPath = "";
			projectRoot = "";
			targets = (
				9D8B7D9429A2A57A004DC811 /* MoodMix */,
			);
		};
/* End PBXProject section */

/* Begin PBXResourcesBuildPhase section */
		9D8B7D9329A2A57A004DC811 /* Resources */ = {
			isa = PBXResourcesBuildPhase;
			buildActionMask = 2147483647;
			files = (
				9D8B7DA029A2A57B004DC811 /* Preview Assets.xcassets in Resources */,
				9D8B7D9D29A2A57B004DC811 /* Assets.xcassets in Resources */,
			);
			runOnlyForDeploymentPostprocessing = 0;
		};
/* End PBXResourcesBuildPhase section */

/* Begin PBXSourcesBuildPhase section */
		9D8B7D9129A2A57A004DC811 /* Sources */ = {
			isa = PBXSourcesBuildPhase;
			buildActionMask = 2147483647;
			files = (
				9D8B7DB229A2AC73004DC811 /* Description.swift in Sources */,
				9D782EBF29A43CC50002CEBB /* debouncedSearch.swift in Sources */,
				9D8B7D9B29A2A57A004DC811 /* ContentView.swift in Sources */,
				9D8B7DB029A2A893004DC811 /* Suggestions.swift in Sources */,
				9DD2739229ABDE7700E340D9 /* SuggestionCard.swift in Sources */,
				9D8B7D9929A2A57A004DC811 /* MoodMixApp.swift in Sources */,
				9D782EBD29A414890002CEBB /* Recommended.swift in Sources */,
				9D8B7DAB29A2A668004DC811 /* api_key.swift in Sources */,
				9D7B5A2729A5722700E974EF /* MoodView.swift in Sources */,
				9DD2739629ABF82700E340D9 /* Footer.swift in Sources */,
				9D8B7DB629A2B148004DC811 /* musicSuggestions.swift in Sources */,
				9DD2739429ABF81500E340D9 /* Header.swift in Sources */,
				9D8B7DB829A2F624004DC811 /* aiSuggestions.swift in Sources */,
				9D8B7DAE29A2A6FD004DC811 /* MusicBrainz.swift in Sources */,
				9D8B7DB429A2AD87004DC811 /* Search.swift in Sources */,
			);
			runOnlyForDeploymentPostprocessing = 0;
		};
/* End PBXSourcesBuildPhase section */

/* Begin XCBuildConfiguration section */
		9D8B7DA129A2A57B004DC811 /* Debug */ = {
			isa = XCBuildConfiguration;
			buildSettings = {
				ALWAYS_SEARCH_USER_PATHS = NO;
				CLANG_ANALYZER_NONNULL = YES;
				CLANG_ANALYZER_NUMBER_OBJECT_CONVERSION = YES_AGGRESSIVE;
				CLANG_CXX_LANGUAGE_STANDARD = "gnu++20";
				CLANG_ENABLE_MODULES = YES;
				CLANG_ENABLE_OBJC_ARC = YES;
				CLANG_ENABLE_OBJC_WEAK = YES;
				CLANG_WARN_BLOCK_CAPTURE_AUTORELEASING = YES;
				CLANG_WARN_BOOL_CONVERSION = YES;
				CLANG_WARN_COMMA = YES;
				CLANG_WARN_CONSTANT_CONVERSION = YES;
				CLANG_WARN_DEPRECATED_OBJC_IMPLEMENTATIONS = YES;
				CLANG_WARN_DIRECT_OBJC_ISA_USAGE = YES_ERROR;
				CLANG_WARN_DOCUMENTATION_COMMENTS = YES;
				CLANG_WARN_EMPTY_BODY = YES;
				CLANG_WARN_ENUM_CONVERSION = YES;
				CLANG_WARN_INFINITE_RECURSION = YES;
				CLANG_WARN_INT_CONVERSION = YES;
				CLANG_WARN_NON_LITERAL_NULL_CONVERSION = YES;
				CLANG_WARN_OBJC_IMPLICIT_RETAIN_SELF = YES;
				CLANG_WARN_OBJC_LITERAL_CONVERSION = YES;
				CLANG_WARN_OBJC_ROOT_CLASS = YES_ERROR;
				CLANG_WARN_QUOTED_INCLUDE_IN_FRAMEWORK_HEADER = YES;
				CLANG_WARN_RANGE_LOOP_ANALYSIS = YES;
				CLANG_WARN_STRICT_PROTOTYPES = YES;
				CLANG_WARN_SUSPICIOUS_MOVE = YES;
				CLANG_WARN_UNGUARDED_AVAILABILITY = YES_AGGRESSIVE;
				CLANG_WARN_UNREACHABLE_CODE = YES;
				CLANG_WARN__DUPLICATE_METHOD_MATCH = YES;
				COPY_PHASE_STRIP = NO;
				DEBUG_INFORMATION_FORMAT = dwarf;
				ENABLE_STRICT_OBJC_MSGSEND = YES;
				ENABLE_TESTABILITY = YES;
				GCC_C_LANGUAGE_STANDARD = gnu11;
				GCC_DYNAMIC_NO_PIC = NO;
				GCC_NO_COMMON_BLOCKS = YES;
				GCC_OPTIMIZATION_LEVEL = 0;
				GCC_PREPROCESSOR_DEFINITIONS = (
					"DEBUG=1",
					"$(inherited)",
				);
				GCC_WARN_64_TO_32_BIT_CONVERSION = YES;
				GCC_WARN_ABOUT_RETURN_TYPE = YES_ERROR;
				GCC_WARN_UNDECLARED_SELECTOR = YES;
				GCC_WARN_UNINITIALIZED_AUTOS = YES_AGGRESSIVE;
				GCC_WARN_UNUSED_FUNCTION = YES;
				GCC_WARN_UNUSED_VARIABLE = YES;
				INFOPLIST_KEY_UIApplicationSceneManifest_Generation = NO;
				IPHONEOS_DEPLOYMENT_TARGET = 16.2;
				MTL_ENABLE_DEBUG_INFO = INCLUDE_SOURCE;
				MTL_FAST_MATH = YES;
				ONLY_ACTIVE_ARCH = YES;
				SDKROOT = iphoneos;
				SWIFT_ACTIVE_COMPILATION_CONDITIONS = DEBUG;
				SWIFT_OPTIMIZATION_LEVEL = "-Onone";
			};
			name = Debug;
		};
		9D8B7DA229A2A57B004DC811 /* Release */ = {
			isa = XCBuildConfiguration;
			buildSettings = {
				ALWAYS_SEARCH_USER_PATHS = NO;
				CLANG_ANALYZER_NONNULL = YES;
				CLANG_ANALYZER_NUMBER_OBJECT_CONVERSION = YES_AGGRESSIVE;
				CLANG_CXX_LANGUAGE_STANDARD = "gnu++20";
				CLANG_ENABLE_MODULES = YES;
				CLANG_ENABLE_OBJC_ARC = YES;
				CLANG_ENABLE_OBJC_WEAK = YES;
				CLANG_WARN_BLOCK_CAPTURE_AUTORELEASING = YES;
				CLANG_WARN_BOOL_CONVERSION = YES;
				CLANG_WARN_COMMA = YES;
				CLANG_WARN_CONSTANT_CONVERSION = YES;
				CLANG_WARN_DEPRECATED_OBJC_IMPLEMENTATIONS = YES;
				CLANG_WARN_DIRECT_OBJC_ISA_USAGE = YES_ERROR;
				CLANG_WARN_DOCUMENTATION_COMMENTS = YES;
				CLANG_WARN_EMPTY_BODY = YES;
				CLANG_WARN_ENUM_CONVERSION = YES;
				CLANG_WARN_INFINITE_RECURSION = YES;
				CLANG_WARN_INT_CONVERSION = YES;
				CLANG_WARN_NON_LITERAL_NULL_CONVERSION = YES;
				CLANG_WARN_OBJC_IMPLICIT_RETAIN_SELF = YES;
				CLANG_WARN_OBJC_LITERAL_CONVERSION = YES;
				CLANG_WARN_OBJC_ROOT_CLASS = YES_ERROR;
				CLANG_WARN_QUOTED_INCLUDE_IN_FRAMEWORK_HEADER = YES;
				CLANG_WARN_RANGE_LOOP_ANALYSIS = YES;
				CLANG_WARN_STRICT_PROTOTYPES = YES;
				CLANG_WARN_SUSPICIOUS_MOVE = YES;
				CLANG_WARN_UNGUARDED_AVAILABILITY = YES_AGGRESSIVE;
				CLANG_WARN_UNREACHABLE_CODE = YES;
				CLANG_WARN__DUPLICATE_METHOD_MATCH = YES;
				COPY_PHASE_STRIP = NO;
				DEBUG_INFORMATION_FORMAT = "dwarf-with-dsym";
				ENABLE_NS_ASSERTIONS = NO;
				ENABLE_STRICT_OBJC_MSGSEND = YES;
				GCC_C_LANGUAGE_STANDARD = gnu11;
				GCC_NO_COMMON_BLOCKS = YES;
				GCC_WARN_64_TO_32_BIT_CONVERSION = YES;
				GCC_WARN_ABOUT_RETURN_TYPE = YES_ERROR;
				GCC_WARN_UNDECLARED_SELECTOR = YES;
				GCC_WARN_UNINITIALIZED_AUTOS = YES_AGGRESSIVE;
				GCC_WARN_UNUSED_FUNCTION = YES;
				GCC_WARN_UNUSED_VARIABLE = YES;
				INFOPLIST_KEY_UIApplicationSceneManifest_Generation = NO;
				IPHONEOS_DEPLOYMENT_TARGET = 16.2;
				MTL_ENABLE_DEBUG_INFO = NO;
				MTL_FAST_MATH = YES;
				SDKROOT = iphoneos;
				SWIFT_COMPILATION_MODE = wholemodule;
				SWIFT_OPTIMIZATION_LEVEL = "-O";
				VALIDATE_PRODUCT = YES;
			};
			name = Release;
		};
		9D8B7DA429A2A57B004DC811 /* Debug */ = {
			isa = XCBuildConfiguration;
			buildSettings = {
				ASSETCATALOG_COMPILER_APPICON_NAME = AppIcon;
				ASSETCATALOG_COMPILER_GLOBAL_ACCENT_COLOR_NAME = AccentColor;
				CODE_SIGN_STYLE = Automatic;
				CURRENT_PROJECT_VERSION = 1;
				DEVELOPMENT_ASSET_PATHS = "\"MoodMix/Preview Content\"";
				DEVELOPMENT_TEAM = WG7S4NXZ8F;
				ENABLE_PREVIEWS = YES;
				GENERATE_INFOPLIST_FILE = YES;
				INFOPLIST_FILE = MoodMix/Info.plist;
				INFOPLIST_KEY_UIApplicationSupportsIndirectInputEvents = YES;
				INFOPLIST_KEY_UILaunchScreen_Generation = YES;
				INFOPLIST_KEY_UISupportedInterfaceOrientations_iPad = "UIInterfaceOrientationPortrait UIInterfaceOrientationPortraitUpsideDown UIInterfaceOrientationLandscapeLeft UIInterfaceOrientationLandscapeRight";
				INFOPLIST_KEY_UISupportedInterfaceOrientations_iPhone = "UIInterfaceOrientationPortrait UIInterfaceOrientationLandscapeLeft UIInterfaceOrientationLandscapeRight";
				LD_RUNPATH_SEARCH_PATHS = (
					"$(inherited)",
					"@executable_path/Frameworks",
				);
				MARKETING_VERSION = 1.0;
				PRODUCT_BUNDLE_IDENTIFIER = com.pvw.MoodMix;
				PRODUCT_NAME = "$(TARGET_NAME)";
				SWIFT_EMIT_LOC_STRINGS = YES;
				SWIFT_VERSION = 5.0;
				TARGETED_DEVICE_FAMILY = "1,2";
			};
			name = Debug;
		};
		9D8B7DA529A2A57B004DC811 /* Release */ = {
			isa = XCBuildConfiguration;
			buildSettings = {
				ASSETCATALOG_COMPILER_APPICON_NAME = AppIcon;
				ASSETCATALOG_COMPILER_GLOBAL_ACCENT_COLOR_NAME = AccentColor;
				CODE_SIGN_STYLE = Automatic;
				CURRENT_PROJECT_VERSION = 1;
				DEVELOPMENT_ASSET_PATHS = "\"MoodMix/Preview Content\"";
				DEVELOPMENT_TEAM = WG7S4NXZ8F;
				ENABLE_PREVIEWS = YES;
				GENERATE_INFOPLIST_FILE = YES;
				INFOPLIST_FILE = MoodMix/Info.plist;
				INFOPLIST_KEY_UIApplicationSupportsIndirectInputEvents = YES;
				INFOPLIST_KEY_UILaunchScreen_Generation = YES;
				INFOPLIST_KEY_UISupportedInterfaceOrientations_iPad = "UIInterfaceOrientationPortrait UIInterfaceOrientationPortraitUpsideDown UIInterfaceOrientationLandscapeLeft UIInterfaceOrientationLandscapeRight";
				INFOPLIST_KEY_UISupportedInterfaceOrientations_iPhone = "UIInterfaceOrientationPortrait UIInterfaceOrientationLandscapeLeft UIInterfaceOrientationLandscapeRight";
				LD_RUNPATH_SEARCH_PATHS = (
					"$(inherited)",
					"@executable_path/Frameworks",
				);
				MARKETING_VERSION = 1.0;
				PRODUCT_BUNDLE_IDENTIFIER = com.pvw.MoodMix;
				PRODUCT_NAME = "$(TARGET_NAME)";
				SWIFT_EMIT_LOC_STRINGS = YES;
				SWIFT_VERSION = 5.0;
				TARGETED_DEVICE_FAMILY = "1,2";
			};
			name = Release;
		};
/* End XCBuildConfiguration section */

/* Begin XCConfigurationList section */
		9D8B7D9029A2A57A004DC811 /* Build configuration list for PBXProject "MoodMix" */ = {
			isa = XCConfigurationList;
			buildConfigurations = (
				9D8B7DA129A2A57B004DC811 /* Debug */,
				9D8B7DA229A2A57B004DC811 /* Release */,
			);
			defaultConfigurationIsVisible = 0;
			defaultConfigurationName = Release;
		};
		9D8B7DA329A2A57B004DC811 /* Build configuration list for PBXNativeTarget "MoodMix" */ = {
			isa = XCConfigurationList;
			buildConfigurations = (
				9D8B7DA429A2A57B004DC811 /* Debug */,
				9D8B7DA529A2A57B004DC811 /* Release */,
			);
			defaultConfigurationIsVisible = 0;
			defaultConfigurationName = Release;
		};
/* End XCConfigurationList section */
	};
	rootObject = 9D8B7D8D29A2A57A004DC811 /* Project object */;
}
